
Microsoft Visual Studio Solution File, Format Version 12.00
# Visual Studio 2012
Project("{FAE04EC0-301F-11D3-BF4B-00C04F79EFBC}") = "service-module", "service-module\service-module.csproj", "{718C909C-0009-4CBD-810B-BD6A5C509FEF}"
EndProject
Global
	GlobalSection(SolutionConfigurationPlatforms) = preSolution
		Debug|Any CPU = Debug|Any CPU
		Release|Any CPU = Release|Any CPU
	EndGlobalSection
	GlobalSection(ProjectConfigurationPlatforms) = postSolution
		{718C909C-0009-4CBD-810B-BD6A5C509FEF}.Debug|Any CPU.ActiveCfg = Debug|Any CPU
		{718C909C-0009-4CBD-810B-BD6A5C509FEF}.Debug|Any CPU.Build.0 = Debug|Any CPU
		{718C909C-0009-4CBD-810B-BD6A5C509FEF}.Release|Any CPU.ActiveCfg = Release|Any CPU
		{718C909C-0009-4CBD-810B-BD6A5C509FEF}.Release|Any CPU.Build.0 = Release|Any CPU
	EndGlobalSection
	GlobalSection(SolutionProperties) = preSolution
		HideSolutionNode = FALSE
	EndGlobalSection
EndGlobal
